
Microsoft Visual Studio Solution File, Format Version 12.00
# Visual Studio Version 17
VisualStudioVersion = 17.8.34511.84
MinimumVisualStudioVersion = 10.0.40219.1
Project("{FAE04EC0-301F-11D3-BF4B-00C04F79EFBC}") = "dlyasebya", "dlyasebya\dlyasebya.csproj", "{ED820093-9CE9-49A0-97B4-AEEBD8A22707}"
EndProject
Global
	GlobalSection(SolutionConfigurationPlatforms) = preSolution
		Debug|Any CPU = Debug|Any CPU
		Release|Any CPU = Release|Any CPU
	EndGlobalSection
	GlobalSection(ProjectConfigurationPlatforms) = postSolution
		{ED820093-9CE9-49A0-97B4-AEEBD8A22707}.Debug|Any CPU.ActiveCfg = Debug|Any CPU
		{ED820093-9CE9-49A0-97B4-AEEBD8A22707}.Debug|Any CPU.Build.0 = Debug|Any CPU
		{ED820093-9CE9-49A0-97B4-AEEBD8A22707}.Release|Any CPU.ActiveCfg = Release|Any CPU
		{ED820093-9CE9-49A0-97B4-AEEBD8A22707}.Release|Any CPU.Build.0 = Release|Any CPU
	EndGlobalSection
	GlobalSection(SolutionProperties) = preSolution
		HideSolutionNode = FALSE
	EndGlobalSection
	GlobalSection(ExtensibilityGlobals) = postSolution
		SolutionGuid = {5785E7ED-C3E6-41E4-95EF-26146C72B84E}
	EndGlobalSection
EndGlobal
